# THIS IS AN AUTOGENERATED FILE. DO NOT EDIT THIS FILE DIRECTLY.
assets/facebook.png:
  development: 2018-09-11T17:09:14-07:00   707f1f665ca7c441acf2c4daa94b2d99
assets/instagram.png:
  development: 2018-09-11T17:06:58-07:00   eb8ed2a155d944996a1f2573071a580b
sections/header.liquid:
  development: 2018-09-11T17:13:41-07:00   fbb2a7ee4e89005f0dcb6d8b7be8beeb
